
Microsoft Visual Studio Solution File, Format Version 12.00
# Visual Studio Version 17
VisualStudioVersion = 17.8.34330.188
MinimumVisualStudioVersion = 10.0.40219.1
Project("{FAE04EC0-301F-11D3-BF4B-00C04F79EFBC}") = "UserAPI", "UserAPI\UserAPI.csproj", "{D7278827-B596-41A7-9395-0B2C2D9ADC66}"
EndProject
Project("{FAE04EC0-301F-11D3-BF4B-00C04F79EFBC}") = "MessangerApi", "MessangerApi\MessangerApi.csproj", "{A7DCB63B-A25F-4379-8386-A2166FFA4A37}"
EndProject
Global
	GlobalSection(SolutionConfigurationPlatforms) = preSolution
		Debug|Any CPU = Debug|Any CPU
		Release|Any CPU = Release|Any CPU
	EndGlobalSection
	GlobalSection(ProjectConfigurationPlatforms) = postSolution
		{D7278827-B596-41A7-9395-0B2C2D9ADC66}.Debug|Any CPU.ActiveCfg = Debug|Any CPU
		{D7278827-B596-41A7-9395-0B2C2D9ADC66}.Debug|Any CPU.Build.0 = Debug|Any CPU
		{D7278827-B596-41A7-9395-0B2C2D9ADC66}.Release|Any CPU.ActiveCfg = Release|Any CPU
		{D7278827-B596-41A7-9395-0B2C2D9ADC66}.Release|Any CPU.Build.0 = Release|Any CPU
		{A7DCB63B-A25F-4379-8386-A2166FFA4A37}.Debug|Any CPU.ActiveCfg = Debug|Any CPU
		{A7DCB63B-A25F-4379-8386-A2166FFA4A37}.Debug|Any CPU.Build.0 = Debug|Any CPU
		{A7DCB63B-A25F-4379-8386-A2166FFA4A37}.Release|Any CPU.ActiveCfg = Release|Any CPU
		{A7DCB63B-A25F-4379-8386-A2166FFA4A37}.Release|Any CPU.Build.0 = Release|Any CPU
	EndGlobalSection
	GlobalSection(SolutionProperties) = preSolution
		HideSolutionNode = FALSE
	EndGlobalSection
	GlobalSection(ExtensibilityGlobals) = postSolution
		SolutionGuid = {7F3B10A9-DC65-430C-B765-B869D3236D34}
	EndGlobalSection
EndGlobal
